
Microsoft Visual Studio Solution File, Format Version 12.00
# Visual Studio Version 17
VisualStudioVersion = 17.7.34221.43
MinimumVisualStudioVersion = 10.0.40219.1
Project("{FAE04EC0-301F-11D3-BF4B-00C04F79EFBC}") = "Webapp", "Webapp\Webapp.csproj", "{C859E321-975B-475E-8BAF-44C3A38653A6}"
EndProject
Global
	GlobalSection(SolutionConfigurationPlatforms) = preSolution
		Debug|Any CPU = Debug|Any CPU
		Release|Any CPU = Release|Any CPU
	EndGlobalSection
	GlobalSection(ProjectConfigurationPlatforms) = postSolution
		{C859E321-975B-475E-8BAF-44C3A38653A6}.Debug|Any CPU.ActiveCfg = Debug|Any CPU
		{C859E321-975B-475E-8BAF-44C3A38653A6}.Debug|Any CPU.Build.0 = Debug|Any CPU
		{C859E321-975B-475E-8BAF-44C3A38653A6}.Release|Any CPU.ActiveCfg = Release|Any CPU
		{C859E321-975B-475E-8BAF-44C3A38653A6}.Release|Any CPU.Build.0 = Release|Any CPU
	EndGlobalSection
	GlobalSection(SolutionProperties) = preSolution
		HideSolutionNode = FALSE
	EndGlobalSection
	GlobalSection(ExtensibilityGlobals) = postSolution
		SolutionGuid = {A63D268E-74E4-46F7-BB93-FF8D9B94C6AD}
	EndGlobalSection
EndGlobal
